
Microsoft Visual Studio Solution File, Format Version 12.00
# Visual Studio Version 17
VisualStudioVersion = 17.0.31903.59
MinimumVisualStudioVersion = 10.0.40219.1
Project("{2150E333-8FDC-42A3-9474-1A3956D46DE8}") = "src", "src", "{827E0CD3-B72D-47B6-A68D-7590B98EB39B}"
EndProject
Project("{FAE04EC0-301F-11D3-BF4B-00C04F79EFBC}") = "Axiom.Core", "src\Axiom.Core\Axiom.Core.csproj", "{FBC0DA52-0B2A-4D85-898B-A79E61EA3E5E}"
EndProject
Project("{FAE04EC0-301F-11D3-BF4B-00C04F79EFBC}") = "Axiom.Assertions", "src\Axiom.Assertions\Axiom.Assertions.csproj", "{25E4E6AC-84D5-43F7-B88B-829B8CF0A856}"
EndProject
Project("{2150E333-8FDC-42A3-9474-1A3956D46DE8}") = "tests", "tests", "{0AB3BF05-4346-4AA6-1389-037BE0695223}"
EndProject
Project("{FAE04EC0-301F-11D3-BF4B-00C04F79EFBC}") = "Axiom.Tests", "tests\Axiom.Tests\Axiom.Tests.csproj", "{CC229648-30F1-499F-B2F9-F6B9057C025F}"
EndProject
Project("{FAE04EC0-301F-11D3-BF4B-00C04F79EFBC}") = "Axiom.Analyzers", "src\Axiom.Analyzers\Axiom.Analyzers.csproj", "{58A67A14-1540-43A7-B396-99837FCA68AE}"
EndProject
Project("{FAE04EC0-301F-11D3-BF4B-00C04F79EFBC}") = "Axiom.Analyzers.CodeFixes", "src\Axiom.Analyzers.CodeFixes\Axiom.Analyzers.CodeFixes.csproj", "{8CF22574-7D4D-4461-8F1A-CF25B3CCFAD9}"
EndProject
Project("{FAE04EC0-301F-11D3-BF4B-00C04F79EFBC}") = "Axiom.Analyzers.Tests", "tests\Axiom.Analyzers.Tests\Axiom.Analyzers.Tests.csproj", "{F6766FC8-5E4E-4E34-B0FF-207CD1FFF741}"
EndProject
Global
	GlobalSection(SolutionConfigurationPlatforms) = preSolution
		Debug|Any CPU = Debug|Any CPU
		Debug|x64 = Debug|x64
		Debug|x86 = Debug|x86
		Release|Any CPU = Release|Any CPU
		Release|x64 = Release|x64
		Release|x86 = Release|x86
	EndGlobalSection
	GlobalSection(ProjectConfigurationPlatforms) = postSolution
		{FBC0DA52-0B2A-4D85-898B-A79E61EA3E5E}.Debug|Any CPU.ActiveCfg = Debug|Any CPU
		{FBC0DA52-0B2A-4D85-898B-A79E61EA3E5E}.Debug|Any CPU.Build.0 = Debug|Any CPU
		{FBC0DA52-0B2A-4D85-898B-A79E61EA3E5E}.Debug|x64.ActiveCfg = Debug|Any CPU
		{FBC0DA52-0B2A-4D85-898B-A79E61EA3E5E}.Debug|x64.Build.0 = Debug|Any CPU
		{FBC0DA52-0B2A-4D85-898B-A79E61EA3E5E}.Debug|x86.ActiveCfg = Debug|Any CPU
		{FBC0DA52-0B2A-4D85-898B-A79E61EA3E5E}.Debug|x86.Build.0 = Debug|Any CPU
		{FBC0DA52-0B2A-4D85-898B-A79E61EA3E5E}.Release|Any CPU.ActiveCfg = Release|Any CPU
		{FBC0DA52-0B2A-4D85-898B-A79E61EA3E5E}.Release|Any CPU.Build.0 = Release|Any CPU
		{FBC0DA52-0B2A-4D85-898B-A79E61EA3E5E}.Release|x64.ActiveCfg = Release|Any CPU
		{FBC0DA52-0B2A-4D85-898B-A79E61EA3E5E}.Release|x64.Build.0 = Release|Any CPU
		{FBC0DA52-0B2A-4D85-898B-A79E61EA3E5E}.Release|x86.ActiveCfg = Release|Any CPU
		{FBC0DA52-0B2A-4D85-898B-A79E61EA3E5E}.Release|x86.Build.0 = Release|Any CPU
		{25E4E6AC-84D5-43F7-B88B-829B8CF0A856}.Debug|Any CPU.ActiveCfg = Debug|Any CPU
		{25E4E6AC-84D5-43F7-B88B-829B8CF0A856}.Debug|Any CPU.Build.0 = Debug|Any CPU
		{25E4E6AC-84D5-43F7-B88B-829B8CF0A856}.Debug|x64.ActiveCfg = Debug|Any CPU
		{25E4E6AC-84D5-43F7-B88B-829B8CF0A856}.Debug|x64.Build.0 = Debug|Any CPU
		{25E4E6AC-84D5-43F7-B88B-829B8CF0A856}.Debug|x86.ActiveCfg = Debug|Any CPU
		{25E4E6AC-84D5-43F7-B88B-829B8CF0A856}.Debug|x86.Build.0 = Debug|Any CPU
		{25E4E6AC-84D5-43F7-B88B-829B8CF0A856}.Release|Any CPU.ActiveCfg = Release|Any CPU
		{25E4E6AC-84D5-43F7-B88B-829B8CF0A856}.Release|Any CPU.Build.0 = Release|Any CPU
		{25E4E6AC-84D5-43F7-B88B-829B8CF0A856}.Release|x64.ActiveCfg = Release|Any CPU
		{25E4E6AC-84D5-43F7-B88B-829B8CF0A856}.Release|x64.Build.0 = Release|Any CPU
		{25E4E6AC-84D5-43F7-B88B-829B8CF0A856}.Release|x86.ActiveCfg = Release|Any CPU
		{25E4E6AC-84D5-43F7-B88B-829B8CF0A856}.Release|x86.Build.0 = Release|Any CPU
		{CC229648-30F1-499F-B2F9-F6B9057C025F}.Debug|Any CPU.ActiveCfg = Debug|Any CPU
		{CC229648-30F1-499F-B2F9-F6B9057C025F}.Debug|Any CPU.Build.0 = Debug|Any CPU
		{CC229648-30F1-499F-B2F9-F6B9057C025F}.Debug|x64.ActiveCfg = Debug|Any CPU
		{CC229648-30F1-499F-B2F9-F6B9057C025F}.Debug|x64.Build.0 = Debug|Any CPU
		{CC229648-30F1-499F-B2F9-F6B9057C025F}.Debug|x86.ActiveCfg = Debug|Any CPU
		{CC229648-30F1-499F-B2F9-F6B9057C025F}.Debug|x86.Build.0 = Debug|Any CPU
		{CC229648-30F1-499F-B2F9-F6B9057C025F}.Release|Any CPU.ActiveCfg = Release|Any CPU
		{CC229648-30F1-499F-B2F9-F6B9057C025F}.Release|Any CPU.Build.0 = Release|Any CPU
		{CC229648-30F1-499F-B2F9-F6B9057C025F}.Release|x64.ActiveCfg = Release|Any CPU
		{CC229648-30F1-499F-B2F9-F6B9057C025F}.Release|x64.Build.0 = Release|Any CPU
		{CC229648-30F1-499F-B2F9-F6B9057C025F}.Release|x86.ActiveCfg = Release|Any CPU
		{CC229648-30F1-499F-B2F9-F6B9057C025F}.Release|x86.Build.0 = Release|Any CPU
		{58A67A14-1540-43A7-B396-99837FCA68AE}.Debug|Any CPU.ActiveCfg = Debug|Any CPU
		{58A67A14-1540-43A7-B396-99837FCA68AE}.Debug|Any CPU.Build.0 = Debug|Any CPU
		{58A67A14-1540-43A7-B396-99837FCA68AE}.Debug|x64.ActiveCfg = Debug|Any CPU
		{58A67A14-1540-43A7-B396-99837FCA68AE}.Debug|x64.Build.0 = Debug|Any CPU
		{58A67A14-1540-43A7-B396-99837FCA68AE}.Debug|x86.ActiveCfg = Debug|Any CPU
		{58A67A14-1540-43A7-B396-99837FCA68AE}.Debug|x86.Build.0 = Debug|Any CPU
		{58A67A14-1540-43A7-B396-99837FCA68AE}.Release|Any CPU.ActiveCfg = Release|Any CPU
		{58A67A14-1540-43A7-B396-99837FCA68AE}.Release|Any CPU.Build.0 = Release|Any CPU
		{58A67A14-1540-43A7-B396-99837FCA68AE}.Release|x64.ActiveCfg = Release|Any CPU
		{58A67A14-1540-43A7-B396-99837FCA68AE}.Release|x64.Build.0 = Release|Any CPU
		{58A67A14-1540-43A7-B396-99837FCA68AE}.Release|x86.ActiveCfg = Release|Any CPU
		{58A67A14-1540-43A7-B396-99837FCA68AE}.Release|x86.Build.0 = Release|Any CPU
		{8CF22574-7D4D-4461-8F1A-CF25B3CCFAD9}.Debug|Any CPU.ActiveCfg = Debug|Any CPU
		{8CF22574-7D4D-4461-8F1A-CF25B3CCFAD9}.Debug|Any CPU.Build.0 = Debug|Any CPU
		{8CF22574-7D4D-4461-8F1A-CF25B3CCFAD9}.Debug|x64.ActiveCfg = Debug|Any CPU
		{8CF22574-7D4D-4461-8F1A-CF25B3CCFAD9}.Debug|x64.Build.0 = Debug|Any CPU
		{8CF22574-7D4D-4461-8F1A-CF25B3CCFAD9}.Debug|x86.ActiveCfg = Debug|Any CPU
		{8CF22574-7D4D-4461-8F1A-CF25B3CCFAD9}.Debug|x86.Build.0 = Debug|Any CPU
		{8CF22574-7D4D-4461-8F1A-CF25B3CCFAD9}.Release|Any CPU.ActiveCfg = Release|Any CPU
		{8CF22574-7D4D-4461-8F1A-CF25B3CCFAD9}.Release|Any CPU.Build.0 = Release|Any CPU
		{8CF22574-7D4D-4461-8F1A-CF25B3CCFAD9}.Release|x64.ActiveCfg = Release|Any CPU
		{8CF22574-7D4D-4461-8F1A-CF25B3CCFAD9}.Release|x64.Build.0 = Release|Any CPU
		{8CF22574-7D4D-4461-8F1A-CF25B3CCFAD9}.Release|x86.ActiveCfg = Release|Any CPU
		{8CF22574-7D4D-4461-8F1A-CF25B3CCFAD9}.Release|x86.Build.0 = Release|Any CPU
		{F6766FC8-5E4E-4E34-B0FF-207CD1FFF741}.Debug|Any CPU.ActiveCfg = Debug|Any CPU
		{F6766FC8-5E4E-4E34-B0FF-207CD1FFF741}.Debug|Any CPU.Build.0 = Debug|Any CPU
		{F6766FC8-5E4E-4E34-B0FF-207CD1FFF741}.Debug|x64.ActiveCfg = Debug|Any CPU
		{F6766FC8-5E4E-4E34-B0FF-207CD1FFF741}.Debug|x64.Build.0 = Debug|Any CPU
		{F6766FC8-5E4E-4E34-B0FF-207CD1FFF741}.Debug|x86.ActiveCfg = Debug|Any CPU
		{F6766FC8-5E4E-4E34-B0FF-207CD1FFF741}.Debug|x86.Build.0 = Debug|Any CPU
		{F6766FC8-5E4E-4E34-B0FF-207CD1FFF741}.Release|Any CPU.ActiveCfg = Release|Any CPU
		{F6766FC8-5E4E-4E34-B0FF-207CD1FFF741}.Release|Any CPU.Build.0 = Release|Any CPU
		{F6766FC8-5E4E-4E34-B0FF-207CD1FFF741}.Release|x64.ActiveCfg = Release|Any CPU
		{F6766FC8-5E4E-4E34-B0FF-207CD1FFF741}.Release|x64.Build.0 = Release|Any CPU
		{F6766FC8-5E4E-4E34-B0FF-207CD1FFF741}.Release|x86.ActiveCfg = Release|Any CPU
		{F6766FC8-5E4E-4E34-B0FF-207CD1FFF741}.Release|x86.Build.0 = Release|Any CPU
	EndGlobalSection
	GlobalSection(SolutionProperties) = preSolution
		HideSolutionNode = FALSE
	EndGlobalSection
	GlobalSection(NestedProjects) = preSolution
		{FBC0DA52-0B2A-4D85-898B-A79E61EA3E5E} = {827E0CD3-B72D-47B6-A68D-7590B98EB39B}
		{25E4E6AC-84D5-43F7-B88B-829B8CF0A856} = {827E0CD3-B72D-47B6-A68D-7590B98EB39B}
		{CC229648-30F1-499F-B2F9-F6B9057C025F} = {0AB3BF05-4346-4AA6-1389-037BE0695223}
		{58A67A14-1540-43A7-B396-99837FCA68AE} = {827E0CD3-B72D-47B6-A68D-7590B98EB39B}
		{8CF22574-7D4D-4461-8F1A-CF25B3CCFAD9} = {827E0CD3-B72D-47B6-A68D-7590B98EB39B}
		{F6766FC8-5E4E-4E34-B0FF-207CD1FFF741} = {0AB3BF05-4346-4AA6-1389-037BE0695223}
	EndGlobalSection
EndGlobal
